// !$*UTF8*$!
{
	archiveVersion = 1;
	classes = {
	};
	objectVersion = 56;
	objects = {

/* Begin PBXBuildFile section */
		010000000000000000000101 /* main.m in Sources */ = {isa = PBXBuildFile; fileRef = 010000000000000000000001 /* main.m */; };
		010000000000000000000102 /* KKBenchAppDelegate.m in Sources */ = {isa = PBXBuildFile; fileRef = 010000000000000000000003 /* KKBenchAppDelegate.m */; };
		010000000000000000000103 /* KKBenchRunner.m in Sources */ = {isa = PBXBuildFile; fileRef = 010000000000000000000007 /* KKBenchRunner.m */; };
		010000000000000000000104 /* KKBenchViewController.m in Sources */ = {isa = PBXBuildFile; fileRef = 010000000000000000000009 /* KKBenchViewController.m */; };
		74531A07B4D14A0552E03C89 /* Pods_KKBenchTextView.framework in Frameworks */ = {isa = PBXBuildFile; fileRef = C0B13B92FBF2555BE6359B8A /* Pods_KKBenchTextView.framework */; };
/* End PBXBuildFile section */

/* Begin PBXFileReference section */
		010000000000000000000001 /* main.m */ = {isa = PBXFileReference; lastKnownFileType = sourcecode.c.objc; path = main.m; sourceTree = "<group>"; };
		010000000000000000000002 /* KKBenchAppDelegate.h */ = {isa = PBXFileReference; lastKnownFileType = sourcecode.c.h; path = KKBenchAppDelegate.h; sourceTree = "<group>"; };
		010000000000000000000003 /* KKBenchAppDelegate.m */ = {isa = PBXFileReference; lastKnownFileType = sourcecode.c.objc; path = KKBenchAppDelegate.m; sourceTree = "<group>"; };
		010000000000000000000004 /* Info.plist */ = {isa = PBXFileReference; lastKnownFileType = text.plist.xml; path = Info.plist; sourceTree = "<group>"; };
		010000000000000000000006 /* KKBenchRunner.h */ = {isa = PBXFileReference; lastKnownFileType = sourcecode.c.h; path = KKBenchRunner.h; sourceTree = "<group>"; };
		010000000000000000000007 /* KKBenchRunner.m */ = {isa = PBXFileReference; lastKnownFileType = sourcecode.c.objc; path = KKBenchRunner.m; sourceTree = "<group>"; };
		010000000000000000000008 /* KKBenchViewController.h */ = {isa = PBXFileReference; lastKnownFileType = sourcecode.c.h; path = KKBenchViewController.h; sourceTree = "<group>"; };
		010000000000000000000009 /* KKBenchViewController.m */ = {isa = PBXFileReference; lastKnownFileType = sourcecode.c.objc; path = KKBenchViewController.m; sourceTree = "<group>"; };
		010000000000000000000010 /* KKBenchTextView.app */ = {isa = PBXFileReference; explicitFileType = wrapper.application; includeInIndex = 0; path = KKBenchTextView.app; sourceTree = BUILT_PRODUCTS_DIR; };
		010000000000000000000011 /* Podfile */ = {isa = PBXFileReference; lastKnownFileType = text; path = Podfile; sourceTree = "<group>"; xcLanguageSpecificationIdentifier = xcode.lang.ruby; };
		010000000000000000000012 /* README.md */ = {isa = PBXFileReference; lastKnownFileType = net.daringfireball.markdown; path = README.md; sourceTree = "<group>"; };
		0142D75E2FE1557100EC67B2 /* Pods.xcodeproj */ = {isa = PBXFileReference; lastKnownFileType = "wrapper.pb-project"; name = Pods.xcodeproj; path = Pods/Pods.xcodeproj; sourceTree = "<group>"; };
		C073C67A78C89005EA7A2503 /* Pods-KKBenchTextView.release.xcconfig */ = {isa = PBXFileReference; includeInIndex = 1; lastKnownFileType = text.xcconfig; name = "Pods-KKBenchTextView.release.xcconfig"; path = "Target Support Files/Pods-KKBenchTextView/Pods-KKBenchTextView.release.xcconfig"; sourceTree = "<group>"; };
		C0B13B92FBF2555BE6359B8A /* Pods_KKBenchTextView.framework */ = {isa = PBXFileReference; explicitFileType = wrapper.framework; includeInIndex = 0; path = Pods_KKBenchTextView.framework; sourceTree = BUILT_PRODUCTS_DIR; };
		E22B702EE873CDCAC4FC33D5 /* Pods-KKBenchTextView.debug.xcconfig */ = {isa = PBXFileReference; includeInIndex = 1; lastKnownFileType = text.xcconfig; name = "Pods-KKBenchTextView.debug.xcconfig"; path = "Target Support Files/Pods-KKBenchTextView/Pods-KKBenchTextView.debug.xcconfig"; sourceTree = "<group>"; };
/* End PBXFileReference section */

/* Begin PBXFrameworksBuildPhase section */
		010000000000000000000201 /* Frameworks */ = {
			isa = PBXFrameworksBuildPhase;
			buildActionMask = 2147483647;
			files = (
				74531A07B4D14A0552E03C89 /* Pods_KKBenchTextView.framework in Frameworks */,
			);
			runOnlyForDeploymentPostprocessing = 0;
		};
/* End PBXFrameworksBuildPhase section */

/* Begin PBXGroup section */
		010000000000000000000301 = {
			isa = PBXGroup;
			children = (
				0142D75E2FE1557100EC67B2 /* Pods.xcodeproj */,
				010000000000000000000011 /* Podfile */,
				010000000000000000000012 /* README.md */,
				010000000000000000000302 /* KKBenchTextView */,
				010000000000000000000303 /* Products */,
				533A738A9894768B91528997 /* Pods */,
				3B64ECF131619B2E36E3532C /* Frameworks */,
			);
			sourceTree = "<group>";
		};
		010000000000000000000302 /* KKBenchTextView */ = {
			isa = PBXGroup;
			children = (
				010000000000000000000001 /* main.m */,
				010000000000000000000002 /* KKBenchAppDelegate.h */,
				010000000000000000000003 /* KKBenchAppDelegate.m */,
				010000000000000000000006 /* KKBenchRunner.h */,
				010000000000000000000007 /* KKBenchRunner.m */,
				010000000000000000000008 /* KKBenchViewController.h */,
				010000000000000000000009 /* KKBenchViewController.m */,
				010000000000000000000004 /* Info.plist */,
			);
			path = KKBenchTextView;
			sourceTree = "<group>";
		};
		010000000000000000000303 /* Products */ = {
			isa = PBXGroup;
			children = (
				010000000000000000000010 /* KKBenchTextView.app */,
			);
			name = Products;
			sourceTree = "<group>";
		};
		3B64ECF131619B2E36E3532C /* Frameworks */ = {
			isa = PBXGroup;
			children = (
				C0B13B92FBF2555BE6359B8A /* Pods_KKBenchTextView.framework */,
			);
			name = Frameworks;
			sourceTree = "<group>";
		};
		533A738A9894768B91528997 /* Pods */ = {
			isa = PBXGroup;
			children = (
				E22B702EE873CDCAC4FC33D5 /* Pods-KKBenchTextView.debug.xcconfig */,
				C073C67A78C89005EA7A2503 /* Pods-KKBenchTextView.release.xcconfig */,
			);
			path = Pods;
			sourceTree = "<group>";
		};
/* End PBXGroup section */

/* Begin PBXNativeTarget section */
		010000000000000000000401 /* KKBenchTextView */ = {
			isa = PBXNativeTarget;
			buildConfigurationList = 010000000000000000000801 /* Build configuration list for PBXNativeTarget "KKBenchTextView" */;
			buildPhases = (
				BD1FC82CD0E14F526695FE9F /* [CP] Check Pods Manifest.lock */,
				010000000000000000000501 /* Sources */,
				010000000000000000000201 /* Frameworks */,
				010000000000000000000502 /* Resources */,
				AA2F79DC9EE8BE6BD5DBE0AC /* [CP] Embed Pods Frameworks */,
			);
			buildRules = (
			);
			dependencies = (
			);
			name = KKBenchTextView;
			productName = KKBenchTextView;
			productReference = 010000000000000000000010 /* KKBenchTextView.app */;
			productType = "com.apple.product-type.application";
		};
/* End PBXNativeTarget section */

/* Begin PBXProject section */
		010000000000000000000601 /* Project object */ = {
			isa = PBXProject;
			attributes = {
				BuildIndependentTargetsInParallel = 1;
				LastUpgradeCheck = 1500;
				TargetAttributes = {
					010000000000000000000401 = {
						CreatedOnToolsVersion = 15.0;
					};
				};
			};
			buildConfigurationList = 010000000000000000000701 /* Build configuration list for PBXProject "KKBenchTextView" */;
			compatibilityVersion = "Xcode 14.0";
			developmentRegion = en;
			hasScannedForEncodings = 0;
			knownRegions = (
				en,
				Base,
			);
			mainGroup = 010000000000000000000301;
			productRefGroup = 010000000000000000000303 /* Products */;
			projectDirPath = "";
			projectRoot = "";
			targets = (
				010000000000000000000401 /* KKBenchTextView */,
			);
		};
/* End PBXProject section */

/* Begin PBXResourcesBuildPhase section */
		010000000000000000000502 /* Resources */ = {
			isa = PBXResourcesBuildPhase;
			buildActionMask = 2147483647;
			files = (
			);
			runOnlyForDeploymentPostprocessing = 0;
		};
/* End PBXResourcesBuildPhase section */

/* Begin PBXShellScriptBuildPhase section */
		AA2F79DC9EE8BE6BD5DBE0AC /* [CP] Embed Pods Frameworks */ = {
			isa = PBXShellScriptBuildPhase;
			buildActionMask = 2147483647;
			files = (
			);
			inputFileListPaths = (
				"${PODS_ROOT}/Target Support Files/Pods-KKBenchTextView/Pods-KKBenchTextView-frameworks-${CONFIGURATION}-input-files.xcfilelist",
			);
			inputPaths = (
			);
			name = "[CP] Embed Pods Frameworks";
			outputFileListPaths = (
				"${PODS_ROOT}/Target Support Files/Pods-KKBenchTextView/Pods-KKBenchTextView-frameworks-${CONFIGURATION}-output-files.xcfilelist",
			);
			outputPaths = (
			);
			runOnlyForDeploymentPostprocessing = 0;
			shellPath = /bin/sh;
			shellScript = "\"${PODS_ROOT}/Target Support Files/Pods-KKBenchTextView/Pods-KKBenchTextView-frameworks.sh\"\n";
			showEnvVarsInLog = 0;
		};
		BD1FC82CD0E14F526695FE9F /* [CP] Check Pods Manifest.lock */ = {
			isa = PBXShellScriptBuildPhase;
			buildActionMask = 2147483647;
			files = (
			);
			inputFileListPaths = (
			);
			inputPaths = (
				"${PODS_PODFILE_DIR_PATH}/Podfile.lock",
				"${PODS_ROOT}/Manifest.lock",
			);
			name = "[CP] Check Pods Manifest.lock";
			outputFileListPaths = (
			);
			outputPaths = (
				"$(DERIVED_FILE_DIR)/Pods-KKBenchTextView-checkManifestLockResult.txt",
			);
			runOnlyForDeploymentPostprocessing = 0;
			shellPath = /bin/sh;
			shellScript = "diff \"${PODS_PODFILE_DIR_PATH}/Podfile.lock\" \"${PODS_ROOT}/Manifest.lock\" > /dev/null\nif [ $? != 0 ] ; then\n    # print error to STDERR\n    echo \"error: The sandbox is not in sync with the Podfile.lock. Run 'pod install' or update your CocoaPods installation.\" >&2\n    exit 1\nfi\n# This output is used by Xcode 'outputs' to avoid re-running this script phase.\necho \"SUCCESS\" > \"${SCRIPT_OUTPUT_FILE_0}\"\n";
			showEnvVarsInLog = 0;
		};
/* End PBXShellScriptBuildPhase section */

/* Begin PBXSourcesBuildPhase section */
		010000000000000000000501 /* Sources */ = {
			isa = PBXSourcesBuildPhase;
			buildActionMask = 2147483647;
			files = (
				010000000000000000000102 /* KKBenchAppDelegate.m in Sources */,
				010000000000000000000103 /* KKBenchRunner.m in Sources */,
				010000000000000000000104 /* KKBenchViewController.m in Sources */,
				010000000000000000000101 /* main.m in Sources */,
			);
			runOnlyForDeploymentPostprocessing = 0;
		};
/* End PBXSourcesBuildPhase section */

/* Begin XCBuildConfiguration section */
		010000000000000000000702 /* Debug */ = {
			isa = XCBuildConfiguration;
			buildSettings = {
				ALWAYS_SEARCH_USER_PATHS = NO;
				CLANG_ANALYZER_NONNULL = YES;
				CLANG_ANALYZER_NUMBER_OBJECT_CONVERSION = YES_AGGRESSIVE;
				CLANG_CXX_LANGUAGE_STANDARD = "gnu++20";
				CLANG_ENABLE_MODULES = YES;
				CLANG_ENABLE_OBJC_ARC = YES;
				CLANG_ENABLE_OBJC_WEAK = YES;
				CLANG_WARN_BLOCK_CAPTURE_AUTORELEASING = YES;
				CLANG_WARN_BOOL_CONVERSION = YES;
				CLANG_WARN_COMMA = YES;
				CLANG_WARN_CONSTANT_CONVERSION = YES;
				CLANG_WARN_DEPRECATED_OBJC_IMPLEMENTATIONS = YES;
				CLANG_WARN_DIRECT_OBJC_ISA_USAGE = YES_ERROR;
				CLANG_WARN_DOCUMENTATION_COMMENTS = YES;
				CLANG_WARN_EMPTY_BODY = YES;
				CLANG_WARN_ENUM_CONVERSION = YES;
				CLANG_WARN_INFINITE_RECURSION = YES;
				CLANG_WARN_INT_CONVERSION = YES;
				CLANG_WARN_NON_LITERAL_NULL_CONVERSION = YES;
				CLANG_WARN_OBJC_IMPLICIT_RETAIN_SELF = YES;
				CLANG_WARN_OBJC_LITERAL_CONVERSION = YES;
				CLANG_WARN_OBJC_ROOT_CLASS = YES_ERROR;
				CLANG_WARN_QUOTED_INCLUDE_IN_FRAMEWORK_HEADER = YES;
				CLANG_WARN_RANGE_LOOP_ANALYSIS = YES;
				CLANG_WARN_STRICT_PROTOTYPES = YES;
				CLANG_WARN_SUSPICIOUS_MOVE = YES;
				CLANG_WARN_UNGUARDED_AVAILABILITY = YES_AGGRESSIVE;
				CLANG_WARN_UNREACHABLE_CODE = YES;
				CLANG_WARN__DUPLICATE_METHOD_MATCH = YES;
				COPY_PHASE_STRIP = NO;
				DEBUG_INFORMATION_FORMAT = dwarf;
				ENABLE_STRICT_OBJC_MSGSEND = YES;
				ENABLE_TESTABILITY = YES;
				GCC_C_LANGUAGE_STANDARD = gnu17;
				GCC_DYNAMIC_NO_PIC = NO;
				GCC_NO_COMMON_BLOCKS = YES;
				GCC_OPTIMIZATION_LEVEL = 0;
				GCC_PREPROCESSOR_DEFINITIONS = (
					"DEBUG=1",
					"$(inherited)",
				);
				GCC_WARN_64_TO_32_BIT_CONVERSION = YES;
				GCC_WARN_ABOUT_RETURN_TYPE = YES_ERROR;
				GCC_WARN_UNDECLARED_SELECTOR = YES;
				GCC_WARN_UNINITIALIZED_AUTOS = YES_AGGRESSIVE;
				GCC_WARN_UNUSED_FUNCTION = YES;
				GCC_WARN_UNUSED_VARIABLE = YES;
				IPHONEOS_DEPLOYMENT_TARGET = 13.0;
				MTL_ENABLE_DEBUG_INFO = INCLUDE_SOURCE;
				MTL_FAST_MATH = YES;
				ONLY_ACTIVE_ARCH = YES;
				SDKROOT = iphoneos;
			};
			name = Debug;
		};
		010000000000000000000703 /* Release */ = {
			isa = XCBuildConfiguration;
			buildSettings = {
				ALWAYS_SEARCH_USER_PATHS = NO;
				CLANG_ANALYZER_NONNULL = YES;
				CLANG_ANALYZER_NUMBER_OBJECT_CONVERSION = YES_AGGRESSIVE;
				CLANG_CXX_LANGUAGE_STANDARD = "gnu++20";
				CLANG_ENABLE_MODULES = YES;
				CLANG_ENABLE_OBJC_ARC = YES;
				CLANG_ENABLE_OBJC_WEAK = YES;
				CLANG_WARN_BLOCK_CAPTURE_AUTORELEASING = YES;
				CLANG_WARN_BOOL_CONVERSION = YES;
				CLANG_WARN_COMMA = YES;
				CLANG_WARN_CONSTANT_CONVERSION = YES;
				CLANG_WARN_DEPRECATED_OBJC_IMPLEMENTATIONS = YES;
				CLANG_WARN_DIRECT_OBJC_ISA_USAGE = YES_ERROR;
				CLANG_WARN_DOCUMENTATION_COMMENTS = YES;
				CLANG_WARN_EMPTY_BODY = YES;
				CLANG_WARN_ENUM_CONVERSION = YES;
				CLANG_WARN_INFINITE_RECURSION = YES;
				CLANG_WARN_INT_CONVERSION = YES;
				CLANG_WARN_NON_LITERAL_NULL_CONVERSION = YES;
				CLANG_WARN_OBJC_IMPLICIT_RETAIN_SELF = YES;
				CLANG_WARN_OBJC_LITERAL_CONVERSION = YES;
				CLANG_WARN_OBJC_ROOT_CLASS = YES_ERROR;
				CLANG_WARN_QUOTED_INCLUDE_IN_FRAMEWORK_HEADER = YES;
				CLANG_WARN_RANGE_LOOP_ANALYSIS = YES;
				CLANG_WARN_STRICT_PROTOTYPES = YES;
				CLANG_WARN_SUSPICIOUS_MOVE = YES;
				CLANG_WARN_UNGUARDED_AVAILABILITY = YES_AGGRESSIVE;
				CLANG_WARN_UNREACHABLE_CODE = YES;
				CLANG_WARN__DUPLICATE_METHOD_MATCH = YES;
				COPY_PHASE_STRIP = NO;
				DEBUG_INFORMATION_FORMAT = "dwarf-with-dsym";
				ENABLE_NS_ASSERTIONS = NO;
				ENABLE_STRICT_OBJC_MSGSEND = YES;
				GCC_C_LANGUAGE_STANDARD = gnu17;
				GCC_NO_COMMON_BLOCKS = YES;
				GCC_WARN_64_TO_32_BIT_CONVERSION = YES;
				GCC_WARN_ABOUT_RETURN_TYPE = YES_ERROR;
				GCC_WARN_UNDECLARED_SELECTOR = YES;
				GCC_WARN_UNINITIALIZED_AUTOS = YES_AGGRESSIVE;
				GCC_WARN_UNUSED_FUNCTION = YES;
				GCC_WARN_UNUSED_VARIABLE = YES;
				IPHONEOS_DEPLOYMENT_TARGET = 13.0;
				MTL_ENABLE_DEBUG_INFO = NO;
				MTL_FAST_MATH = YES;
				SDKROOT = iphoneos;
				VALIDATE_PRODUCT = YES;
			};
			name = Release;
		};
		010000000000000000000802 /* Debug */ = {
			isa = XCBuildConfiguration;
			baseConfigurationReference = E22B702EE873CDCAC4FC33D5 /* Pods-KKBenchTextView.debug.xcconfig */;
			buildSettings = {
				ASSETCATALOG_COMPILER_APPICON_NAME = "";
				CODE_SIGN_STYLE = Automatic;
				CURRENT_PROJECT_VERSION = 1;
				DEVELOPMENT_TEAM = 26C6R5CQHU;
				GENERATE_INFOPLIST_FILE = NO;
				INFOPLIST_FILE = KKBenchTextView/Info.plist;
				IPHONEOS_DEPLOYMENT_TARGET = 13.0;
				LD_RUNPATH_SEARCH_PATHS = (
					"$(inherited)",
					"@executable_path/Frameworks",
				);
				MARKETING_VERSION = 1.0;
				PRODUCT_BUNDLE_IDENTIFIER = com.kriskicekk.KKTextiOSDemo;
				PRODUCT_NAME = "$(TARGET_NAME)";
				TARGETED_DEVICE_FAMILY = "1,2";
			};
			name = Debug;
		};
		010000000000000000000803 /* Release */ = {
			isa = XCBuildConfiguration;
			baseConfigurationReference = C073C67A78C89005EA7A2503 /* Pods-KKBenchTextView.release.xcconfig */;
			buildSettings = {
				ASSETCATALOG_COMPILER_APPICON_NAME = "";
				CODE_SIGN_STYLE = Automatic;
				CURRENT_PROJECT_VERSION = 1;
				DEVELOPMENT_TEAM = 26C6R5CQHU;
				GENERATE_INFOPLIST_FILE = NO;
				INFOPLIST_FILE = KKBenchTextView/Info.plist;
				IPHONEOS_DEPLOYMENT_TARGET = 13.0;
				LD_RUNPATH_SEARCH_PATHS = (
					"$(inherited)",
					"@executable_path/Frameworks",
				);
				MARKETING_VERSION = 1.0;
				PRODUCT_BUNDLE_IDENTIFIER = com.kriskicekk.KKTextiOSDemo;
				PRODUCT_NAME = "$(TARGET_NAME)";
				TARGETED_DEVICE_FAMILY = "1,2";
			};
			name = Release;
		};
/* End XCBuildConfiguration section */

/* Begin XCConfigurationList section */
		010000000000000000000701 /* Build configuration list for PBXProject "KKBenchTextView" */ = {
			isa = XCConfigurationList;
			buildConfigurations = (
				010000000000000000000702 /* Debug */,
				010000000000000000000703 /* Release */,
			);
			defaultConfigurationIsVisible = 0;
			defaultConfigurationName = Release;
		};
		010000000000000000000801 /* Build configuration list for PBXNativeTarget "KKBenchTextView" */ = {
			isa = XCConfigurationList;
			buildConfigurations = (
				010000000000000000000802 /* Debug */,
				010000000000000000000803 /* Release */,
			);
			defaultConfigurationIsVisible = 0;
			defaultConfigurationName = Release;
		};
/* End XCConfigurationList section */
	};
	rootObject = 010000000000000000000601 /* Project object */;
}
